// !$*UTF8*$!
{
	archiveVersion = 1;
	classes = {
	};
	objectVersion = 46;
	objects = {

/* Begin PBXBuildFile section */
		D10A61A214A207B6004D174E /* UIKit.framework in Frameworks */ = {isa = PBXBuildFile; fileRef = D10A61A114A207B6004D174E /* UIKit.framework */; };
		D10A61A414A207B6004D174E /* Foundation.framework in Frameworks */ = {isa = PBXBuildFile; fileRef = D10A61A314A207B6004D174E /* Foundation.framework */; };
		D10A61A614A207B6004D174E /* CoreGraphics.framework in Frameworks */ = {isa = PBXBuildFile; fileRef = D10A61A514A207B6004D174E /* CoreGraphics.framework */; };
		D10A61AC14A207B6004D174E /* InfoPlist.strings in Resources */ = {isa = PBXBuildFile; fileRef = D10A61AA14A207B6004D174E /* InfoPlist.strings */; };
		D10A61AE14A207B6004D174E /* main.m in Sources */ = {isa = PBXBuildFile; fileRef = D10A61AD14A207B6004D174E /* main.m */; };
		D10A61B214A207B6004D174E /* IMAppDelegate.m in Sources */ = {isa = PBXBuildFile; fileRef = D10A61B114A207B6004D174E /* IMAppDelegate.m */; };
		D10A61B514A207B6004D174E /* MainStoryboard.storyboard in Resources */ = {isa = PBXBuildFile; fileRef = D10A61B314A207B6004D174E /* MainStoryboard.storyboard */; };
		D10A61B814A207B6004D174E /* IMViewController.m in Sources */ = {isa = PBXBuildFile; fileRef = D10A61B714A207B6004D174E /* IMViewController.m */; };
		D10A61C014A207B7004D174E /* SenTestingKit.framework in Frameworks */ = {isa = PBXBuildFile; fileRef = D10A61BF14A207B7004D174E /* SenTestingKit.framework */; };
		D10A61C114A207B7004D174E /* UIKit.framework in Frameworks */ = {isa = PBXBuildFile; fileRef = D10A61A114A207B6004D174E /* UIKit.framework */; };
		D10A61C214A207B7004D174E /* Foundation.framework in Frameworks */ = {isa = PBXBuildFile; fileRef = D10A61A314A207B6004D174E /* Foundation.framework */; };
		D10A61CA14A207B7004D174E /* InfoPlist.strings in Resources */ = {isa = PBXBuildFile; fileRef = D10A61C814A207B7004D174E /* InfoPlist.strings */; };
		D10A61CD14A207B7004D174E /* iMustangsTests.m in Sources */ = {isa = PBXBuildFile; fileRef = D10A61CC14A207B7004D174E /* iMustangsTests.m */; };
		D10A954714A28D3C007953A5 /* bgGradRepeatX.jpg in Resources */ = {isa = PBXBuildFile; fileRef = D10A954514A28D3C007953A5 /* bgGradRepeatX.jpg */; };
		D10A954814A28D3C007953A5 /* bgGradRepeatX@2x.jpg in Resources */ = {isa = PBXBuildFile; fileRef = D10A954614A28D3C007953A5 /* bgGradRepeatX@2x.jpg */; };
		D10A954C14A29B01007953A5 /* tinaJohnsonView.m in Sources */ = {isa = PBXBuildFile; fileRef = D10A954B14A29B01007953A5 /* tinaJohnsonView.m */; };
		D10A954F14A29B1D007953A5 /* terryGriffinView.m in Sources */ = {isa = PBXBuildFile; fileRef = D10A954E14A29B1D007953A5 /* terryGriffinView.m */; };
		D10A955214A29B5D007953A5 /* shawnSealsView.m in Sources */ = {isa = PBXBuildFile; fileRef = D10A955114A29B5D007953A5 /* shawnSealsView.m */; };
		D10A955514A29B77007953A5 /* chaseSawyerView.m in Sources */ = {isa = PBXBuildFile; fileRef = D10A955414A29B77007953A5 /* chaseSawyerView.m */; };
		D10A955814A29B89007953A5 /* ericBinnionView.m in Sources */ = {isa = PBXBuildFile; fileRef = D10A955714A29B89007953A5 /* ericBinnionView.m */; };
		D163955E14A220D900FE98EC /* developersView.m in Sources */ = {isa = PBXBuildFile; fileRef = D163955D14A220D900FE98EC /* developersView.m */; };
		D163956114A22A9400FE98EC /* mapView.m in Sources */ = {isa = PBXBuildFile; fileRef = D163956014A22A9400FE98EC /* mapView.m */; };
		D163956314A2317000FE98EC /* MapKit.framework in Frameworks */ = {isa = PBXBuildFile; fileRef = D163956214A2317000FE98EC /* MapKit.framework */; };
		D163956614A238D900FE98EC /* person-placeholder-female.jpg in Resources */ = {isa = PBXBuildFile; fileRef = D163956414A238D900FE98EC /* person-placeholder-female.jpg */; };
		D163956714A238D900FE98EC /* person-placeholder-male.jpg in Resources */ = {isa = PBXBuildFile; fileRef = D163956514A238D900FE98EC /* person-placeholder-male.jpg */; };
		D1A3387714A2F2DD00423994 /* athleticEventsView.m in Sources */ = {isa = PBXBuildFile; fileRef = D1A3387614A2F2DD00423994 /* athleticEventsView.m */; };
		D1A3387B14A2F36200423994 /* schoolSongView.m in Sources */ = {isa = PBXBuildFile; fileRef = D1A3387A14A2F36200423994 /* schoolSongView.m */; };
		D1B9B57714A20C89003B9FC3 /* iMustangsBg@2x.jpg in Resources */ = {isa = PBXBuildFile; fileRef = D1B9B57614A20C89003B9FC3 /* iMustangsBg@2x.jpg */; };
		D1B9B57914A20C8F003B9FC3 /* iMustangsBg.jpg in Resources */ = {isa = PBXBuildFile; fileRef = D1B9B57814A20C8F003B9FC3 /* iMustangsBg.jpg */; };
/* End PBXBuildFile section */

/* Begin PBXContainerItemProxy section */
		D10A61C314A207B7004D174E /* PBXContainerItemProxy */ = {
			isa = PBXContainerItemProxy;
			containerPortal = D10A619414A207B6004D174E /* Project object */;
			proxyType = 1;
			remoteGlobalIDString = D10A619C14A207B6004D174E;
			remoteInfo = iMustangs;
		};
/* End PBXContainerItemProxy section */

/* Begin PBXFileReference section */
		D10A619D14A207B6004D174E /* iMustangs.app */ = {isa = PBXFileReference; explicitFileType = wrapper.application; includeInIndex = 0; path = iMustangs.app; sourceTree = BUILT_PRODUCTS_DIR; };
		D10A61A114A207B6004D174E /* UIKit.framework */ = {isa = PBXFileReference; lastKnownFileType = wrapper.framework; name = UIKit.framework; path = System/Library/Frameworks/UIKit.framework; sourceTree = SDKROOT; };
		D10A61A314A207B6004D174E /* Foundation.framework */ = {isa = PBXFileReference; lastKnownFileType = wrapper.framework; name = Foundation.framework; path = System/Library/Frameworks/Foundation.framework; sourceTree = SDKROOT; };
		D10A61A514A207B6004D174E /* CoreGraphics.framework */ = {isa = PBXFileReference; lastKnownFileType = wrapper.framework; name = CoreGraphics.framework; path = System/Library/Frameworks/CoreGraphics.framework; sourceTree = SDKROOT; };
		D10A61A914A207B6004D174E /* iMustangs-Info.plist */ = {isa = PBXFileReference; lastKnownFileType = text.plist.xml; path = "iMustangs-Info.plist"; sourceTree = "<group>"; };
		D10A61AB14A207B6004D174E /* en */ = {isa = PBXFileReference; lastKnownFileType = text.plist.strings; name = en; path = en.lproj/InfoPlist.strings; sourceTree = "<group>"; };
		D10A61AD14A207B6004D174E /* main.m */ = {isa = PBXFileReference; lastKnownFileType = sourcecode.c.objc; path = main.m; sourceTree = "<group>"; };
		D10A61AF14A207B6004D174E /* iMustangs-Prefix.pch */ = {isa = PBXFileReference; lastKnownFileType = sourcecode.c.h; path = "iMustangs-Prefix.pch"; sourceTree = "<group>"; };
		D10A61B014A207B6004D174E /* IMAppDelegate.h */ = {isa = PBXFileReference; lastKnownFileType = sourcecode.c.h; path = IMAppDelegate.h; sourceTree = "<group>"; };
		D10A61B114A207B6004D174E /* IMAppDelegate.m */ = {isa = PBXFileReference; lastKnownFileType = sourcecode.c.objc; path = IMAppDelegate.m; sourceTree = "<group>"; };
		D10A61B414A207B6004D174E /* en */ = {isa = PBXFileReference; lastKnownFileType = file.storyboard; name = en; path = en.lproj/MainStoryboard.storyboard; sourceTree = "<group>"; };
		D10A61B614A207B6004D174E /* IMViewController.h */ = {isa = PBXFileReference; lastKnownFileType = sourcecode.c.h; path = IMViewController.h; sourceTree = "<group>"; };
		D10A61B714A207B6004D174E /* IMViewController.m */ = {isa = PBXFileReference; lastKnownFileType = sourcecode.c.objc; path = IMViewController.m; sourceTree = "<group>"; };
		D10A61BE14A207B7004D174E /* iMustangsTests.octest */ = {isa = PBXFileReference; explicitFileType = wrapper.cfbundle; includeInIndex = 0; path = iMustangsTests.octest; sourceTree = BUILT_PRODUCTS_DIR; };
		D10A61BF14A207B7004D174E /* SenTestingKit.framework */ = {isa = PBXFileReference; lastKnownFileType = wrapper.framework; name = SenTestingKit.framework; path = Library/Frameworks/SenTestingKit.framework; sourceTree = DEVELOPER_DIR; };
		D10A61C714A207B7004D174E /* iMustangsTests-Info.plist */ = {isa = PBXFileReference; lastKnownFileType = text.plist.xml; path = "iMustangsTests-Info.plist"; sourceTree = "<group>"; };
		D10A61C914A207B7004D174E /* en */ = {isa = PBXFileReference; lastKnownFileType = text.plist.strings; name = en; path = en.lproj/InfoPlist.strings; sourceTree = "<group>"; };
		D10A61CB14A207B7004D174E /* iMustangsTests.h */ = {isa = PBXFileReference; lastKnownFileType = sourcecode.c.h; path = iMustangsTests.h; sourceTree = "<group>"; };
		D10A61CC14A207B7004D174E /* iMustangsTests.m */ = {isa = PBXFileReference; lastKnownFileType = sourcecode.c.objc; path = iMustangsTests.m; sourceTree = "<group>"; };
		D10A954514A28D3C007953A5 /* bgGradRepeatX.jpg */ = {isa = PBXFileReference; lastKnownFileType = image.jpeg; path = bgGradRepeatX.jpg; sourceTree = "<group>"; };
		D10A954614A28D3C007953A5 /* bgGradRepeatX@2x.jpg */ = {isa = PBXFileReference; lastKnownFileType = image.jpeg; path = "bgGradRepeatX@2x.jpg"; sourceTree = "<group>"; };
		D10A954A14A29B01007953A5 /* tinaJohnsonView.h */ = {isa = PBXFileReference; fileEncoding = 4; lastKnownFileType = sourcecode.c.h; path = tinaJohnsonView.h; sourceTree = "<group>"; };
		D10A954B14A29B01007953A5 /* tinaJohnsonView.m */ = {isa = PBXFileReference; fileEncoding = 4; lastKnownFileType = sourcecode.c.objc; path = tinaJohnsonView.m; sourceTree = "<group>"; };
		D10A954D14A29B1D007953A5 /* terryGriffinView.h */ = {isa = PBXFileReference; fileEncoding = 4; lastKnownFileType = sourcecode.c.h; path = terryGriffinView.h; sourceTree = "<group>"; };
		D10A954E14A29B1D007953A5 /* terryGriffinView.m */ = {isa = PBXFileReference; fileEncoding = 4; lastKnownFileType = sourcecode.c.objc; path = terryGriffinView.m; sourceTree = "<group>"; };
		D10A955014A29B5D007953A5 /* shawnSealsView.h */ = {isa = PBXFileReference; fileEncoding = 4; lastKnownFileType = sourcecode.c.h; path = shawnSealsView.h; sourceTree = "<group>"; };
		D10A955114A29B5D007953A5 /* shawnSealsView.m */ = {isa = PBXFileReference; fileEncoding = 4; lastKnownFileType = sourcecode.c.objc; path = shawnSealsView.m; sourceTree = "<group>"; };
		D10A955314A29B77007953A5 /* chaseSawyerView.h */ = {isa = PBXFileReference; fileEncoding = 4; lastKnownFileType = sourcecode.c.h; path = chaseSawyerView.h; sourceTree = "<group>"; };
		D10A955414A29B77007953A5 /* chaseSawyerView.m */ = {isa = PBXFileReference; fileEncoding = 4; lastKnownFileType = sourcecode.c.objc; path = chaseSawyerView.m; sourceTree = "<group>"; };
		D10A955614A29B89007953A5 /* ericBinnionView.h */ = {isa = PBXFileReference; fileEncoding = 4; lastKnownFileType = sourcecode.c.h; path = ericBinnionView.h; sourceTree = "<group>"; };
		D10A955714A29B89007953A5 /* ericBinnionView.m */ = {isa = PBXFileReference; fileEncoding = 4; lastKnownFileType = sourcecode.c.objc; path = ericBinnionView.m; sourceTree = "<group>"; };
		D163955C14A220D900FE98EC /* developersView.h */ = {isa = PBXFileReference; fileEncoding = 4; lastKnownFileType = sourcecode.c.h; path = developersView.h; sourceTree = "<group>"; };
		D163955D14A220D900FE98EC /* developersView.m */ = {isa = PBXFileReference; fileEncoding = 4; lastKnownFileType = sourcecode.c.objc; path = developersView.m; sourceTree = "<group>"; };
		D163955F14A22A9400FE98EC /* mapView.h */ = {isa = PBXFileReference; fileEncoding = 4; lastKnownFileType = sourcecode.c.h; path = mapView.h; sourceTree = "<group>"; };
		D163956014A22A9400FE98EC /* mapView.m */ = {isa = PBXFileReference; fileEncoding = 4; lastKnownFileType = sourcecode.c.objc; path = mapView.m; sourceTree = "<group>"; };
		D163956214A2317000FE98EC /* MapKit.framework */ = {isa = PBXFileReference; lastKnownFileType = wrapper.framework; name = MapKit.framework; path = System/Library/Frameworks/MapKit.framework; sourceTree = SDKROOT; };
		D163956414A238D900FE98EC /* person-placeholder-female.jpg */ = {isa = PBXFileReference; lastKnownFileType = image.jpeg; path = "person-placeholder-female.jpg"; sourceTree = "<group>"; };
		D163956514A238D900FE98EC /* person-placeholder-male.jpg */ = {isa = PBXFileReference; lastKnownFileType = image.jpeg; path = "person-placeholder-male.jpg"; sourceTree = "<group>"; };
		D1A3387514A2F2DD00423994 /* athleticEventsView.h */ = {isa = PBXFileReference; fileEncoding = 4; lastKnownFileType = sourcecode.c.h; path = athleticEventsView.h; sourceTree = "<group>"; };
		D1A3387614A2F2DD00423994 /* athleticEventsView.m */ = {isa = PBXFileReference; fileEncoding = 4; lastKnownFileType = sourcecode.c.objc; path = athleticEventsView.m; sourceTree = "<group>"; };
		D1A3387914A2F36200423994 /* schoolSongView.h */ = {isa = PBXFileReference; fileEncoding = 4; lastKnownFileType = sourcecode.c.h; path = schoolSongView.h; sourceTree = "<group>"; };
		D1A3387A14A2F36200423994 /* schoolSongView.m */ = {isa = PBXFileReference; fileEncoding = 4; lastKnownFileType = sourcecode.c.objc; path = schoolSongView.m; sourceTree = "<group>"; };
		D1B9B57614A20C89003B9FC3 /* iMustangsBg@2x.jpg */ = {isa = PBXFileReference; lastKnownFileType = image.jpeg; path = "iMustangsBg@2x.jpg"; sourceTree = "<group>"; };
		D1B9B57814A20C8F003B9FC3 /* iMustangsBg.jpg */ = {isa = PBXFileReference; lastKnownFileType = image.jpeg; path = iMustangsBg.jpg; sourceTree = "<group>"; };
/* End PBXFileReference section */

/* Begin PBXFrameworksBuildPhase section */
		D10A619A14A207B6004D174E /* Frameworks */ = {
			isa = PBXFrameworksBuildPhase;
			buildActionMask = 2147483647;
			files = (
				D163956314A2317000FE98EC /* MapKit.framework in Frameworks */,
				D10A61A214A207B6004D174E /* UIKit.framework in Frameworks */,
				D10A61A414A207B6004D174E /* Foundation.framework in Frameworks */,
				D10A61A614A207B6004D174E /* CoreGraphics.framework in Frameworks */,
			);
			runOnlyForDeploymentPostprocessing = 0;
		};
		D10A61BA14A207B7004D174E /* Frameworks */ = {
			isa = PBXFrameworksBuildPhase;
			buildActionMask = 2147483647;
			files = (
				D10A61C014A207B7004D174E /* SenTestingKit.framework in Frameworks */,
				D10A61C114A207B7004D174E /* UIKit.framework in Frameworks */,
				D10A61C214A207B7004D174E /* Foundation.framework in Frameworks */,
			);
			runOnlyForDeploymentPostprocessing = 0;
		};
/* End PBXFrameworksBuildPhase section */

/* Begin PBXGroup section */
		D10A619214A207B6004D174E = {
			isa = PBXGroup;
			children = (
				D10A61A714A207B6004D174E /* iMustangs */,
				D10A61C514A207B7004D174E /* iMustangsTests */,
				D10A61A014A207B6004D174E /* Frameworks */,
				D10A619E14A207B6004D174E /* Products */,
			);
			sourceTree = "<group>";
		};
		D10A619E14A207B6004D174E /* Products */ = {
			isa = PBXGroup;
			children = (
				D10A619D14A207B6004D174E /* iMustangs.app */,
				D10A61BE14A207B7004D174E /* iMustangsTests.octest */,
			);
			name = Products;
			sourceTree = "<group>";
		};
		D10A61A014A207B6004D174E /* Frameworks */ = {
			isa = PBXGroup;
			children = (
				D163956214A2317000FE98EC /* MapKit.framework */,
				D10A61A114A207B6004D174E /* UIKit.framework */,
				D10A61A314A207B6004D174E /* Foundation.framework */,
				D10A61A514A207B6004D174E /* CoreGraphics.framework */,
				D10A61BF14A207B7004D174E /* SenTestingKit.framework */,
			);
			name = Frameworks;
			sourceTree = "<group>";
		};
		D10A61A714A207B6004D174E /* iMustangs */ = {
			isa = PBXGroup;
			children = (
				D10A61B014A207B6004D174E /* IMAppDelegate.h */,
				D10A61B114A207B6004D174E /* IMAppDelegate.m */,
				D10A61B314A207B6004D174E /* MainStoryboard.storyboard */,
				D10A61B614A207B6004D174E /* IMViewController.h */,
				D10A61B714A207B6004D174E /* IMViewController.m */,
				D1B9B58814A20CFD003B9FC3 /* Model */,
				D1B9B58714A20CFB003B9FC3 /* Views */,
				D1B9B58614A20CF7003B9FC3 /* Controller */,
				D1B9B57414A20C42003B9FC3 /* images */,
				D10A61A814A207B6004D174E /* Supporting Files */,
			);
			path = iMustangs;
			sourceTree = "<group>";
		};
		D10A61A814A207B6004D174E /* Supporting Files */ = {
			isa = PBXGroup;
			children = (
				D10A61A914A207B6004D174E /* iMustangs-Info.plist */,
				D10A61AA14A207B6004D174E /* InfoPlist.strings */,
				D10A61AD14A207B6004D174E /* main.m */,
				D10A61AF14A207B6004D174E /* iMustangs-Prefix.pch */,
			);
			name = "Supporting Files";
			sourceTree = "<group>";
		};
		D10A61C514A207B7004D174E /* iMustangsTests */ = {
			isa = PBXGroup;
			children = (
				D10A61CB14A207B7004D174E /* iMustangsTests.h */,
				D10A61CC14A207B7004D174E /* iMustangsTests.m */,
				D10A61C614A207B7004D174E /* Supporting Files */,
			);
			path = iMustangsTests;
			sourceTree = "<group>";
		};
		D10A61C614A207B7004D174E /* Supporting Files */ = {
			isa = PBXGroup;
			children = (
				D10A61C714A207B7004D174E /* iMustangsTests-Info.plist */,
				D10A61C814A207B7004D174E /* InfoPlist.strings */,
			);
			name = "Supporting Files";
			sourceTree = "<group>";
		};
		D1B9B57414A20C42003B9FC3 /* images */ = {
			isa = PBXGroup;
			children = (
				D10A954514A28D3C007953A5 /* bgGradRepeatX.jpg */,
				D10A954614A28D3C007953A5 /* bgGradRepeatX@2x.jpg */,
				D163956414A238D900FE98EC /* person-placeholder-female.jpg */,
				D163956514A238D900FE98EC /* person-placeholder-male.jpg */,
				D1B9B57814A20C8F003B9FC3 /* iMustangsBg.jpg */,
				D1B9B57614A20C89003B9FC3 /* iMustangsBg@2x.jpg */,
			);
			name = images;
			sourceTree = "<group>";
		};
		D1B9B58614A20CF7003B9FC3 /* Controller */ = {
			isa = PBXGroup;
			children = (
			);
			name = Controller;
			sourceTree = "<group>";
		};
		D1B9B58714A20CFB003B9FC3 /* Views */ = {
			isa = PBXGroup;
			children = (
				D163955C14A220D900FE98EC /* developersView.h */,
				D163955D14A220D900FE98EC /* developersView.m */,
				D163955F14A22A9400FE98EC /* mapView.h */,
				D163956014A22A9400FE98EC /* mapView.m */,
				D10A954A14A29B01007953A5 /* tinaJohnsonView.h */,
				D10A954B14A29B01007953A5 /* tinaJohnsonView.m */,
				D10A954D14A29B1D007953A5 /* terryGriffinView.h */,
				D10A954E14A29B1D007953A5 /* terryGriffinView.m */,
				D10A955014A29B5D007953A5 /* shawnSealsView.h */,
				D10A955114A29B5D007953A5 /* shawnSealsView.m */,
				D10A955314A29B77007953A5 /* chaseSawyerView.h */,
				D10A955414A29B77007953A5 /* chaseSawyerView.m */,
				D10A955614A29B89007953A5 /* ericBinnionView.h */,
				D10A955714A29B89007953A5 /* ericBinnionView.m */,
				D1A3387514A2F2DD00423994 /* athleticEventsView.h */,
				D1A3387614A2F2DD00423994 /* athleticEventsView.m */,
				D1A3387914A2F36200423994 /* schoolSongView.h */,
				D1A3387A14A2F36200423994 /* schoolSongView.m */,
			);
			name = Views;
			sourceTree = "<group>";
		};
		D1B9B58814A20CFD003B9FC3 /* Model */ = {
			isa = PBXGroup;
			children = (
			);
			name = Model;
			sourceTree = "<group>";
		};
/* End PBXGroup section */

/* Begin PBXNativeTarget section */
		D10A619C14A207B6004D174E /* iMustangs */ = {
			isa = PBXNativeTarget;
			buildConfigurationList = D10A61D014A207B7004D174E /* Build configuration list for PBXNativeTarget "iMustangs" */;
			buildPhases = (
				D10A619914A207B6004D174E /* Sources */,
				D10A619A14A207B6004D174E /* Frameworks */,
				D10A619B14A207B6004D174E /* Resources */,
			);
			buildRules = (
			);
			dependencies = (
			);
			name = iMustangs;
			productName = iMustangs;
			productReference = D10A619D14A207B6004D174E /* iMustangs.app */;
			productType = "com.apple.product-type.application";
		};
		D10A61BD14A207B7004D174E /* iMustangsTests */ = {
			isa = PBXNativeTarget;
			buildConfigurationList = D10A61D314A207B7004D174E /* Build configuration list for PBXNativeTarget "iMustangsTests" */;
			buildPhases = (
				D10A61B914A207B7004D174E /* Sources */,
				D10A61BA14A207B7004D174E /* Frameworks */,
				D10A61BB14A207B7004D174E /* Resources */,
				D10A61BC14A207B7004D174E /* ShellScript */,
			);
			buildRules = (
			);
			dependencies = (
				D10A61C414A207B7004D174E /* PBXTargetDependency */,
			);
			name = iMustangsTests;
			productName = iMustangsTests;
			productReference = D10A61BE14A207B7004D174E /* iMustangsTests.octest */;
			productType = "com.apple.product-type.bundle";
		};
/* End PBXNativeTarget section */

/* Begin PBXProject section */
		D10A619414A207B6004D174E /* Project object */ = {
			isa = PBXProject;
			attributes = {
				LastUpgradeCheck = 0420;
			};
			buildConfigurationList = D10A619714A207B6004D174E /* Build configuration list for PBXProject "iMustangs" */;
			compatibilityVersion = "Xcode 3.2";
			developmentRegion = English;
			hasScannedForEncodings = 0;
			knownRegions = (
				en,
			);
			mainGroup = D10A619214A207B6004D174E;
			productRefGroup = D10A619E14A207B6004D174E /* Products */;
			projectDirPath = "";
			projectRoot = "";
			targets = (
				D10A619C14A207B6004D174E /* iMustangs */,
				D10A61BD14A207B7004D174E /* iMustangsTests */,
			);
		};
/* End PBXProject section */

/* Begin PBXResourcesBuildPhase section */
		D10A619B14A207B6004D174E /* Resources */ = {
			isa = PBXResourcesBuildPhase;
			buildActionMask = 2147483647;
			files = (
				D10A61AC14A207B6004D174E /* InfoPlist.strings in Resources */,
				D10A61B514A207B6004D174E /* MainStoryboard.storyboard in Resources */,
				D1B9B57714A20C89003B9FC3 /* iMustangsBg@2x.jpg in Resources */,
				D1B9B57914A20C8F003B9FC3 /* iMustangsBg.jpg in Resources */,
				D163956614A238D900FE98EC /* person-placeholder-female.jpg in Resources */,
				D163956714A238D900FE98EC /* person-placeholder-male.jpg in Resources */,
				D10A954714A28D3C007953A5 /* bgGradRepeatX.jpg in Resources */,
				D10A954814A28D3C007953A5 /* bgGradRepeatX@2x.jpg in Resources */,
			);
			runOnlyForDeploymentPostprocessing = 0;
		};
		D10A61BB14A207B7004D174E /* Resources */ = {
			isa = PBXResourcesBuildPhase;
			buildActionMask = 2147483647;
			files = (
				D10A61CA14A207B7004D174E /* InfoPlist.strings in Resources */,
			);
			runOnlyForDeploymentPostprocessing = 0;
		};
/* End PBXResourcesBuildPhase section */

/* Begin PBXShellScriptBuildPhase section */
		D10A61BC14A207B7004D174E /* ShellScript */ = {
			isa = PBXShellScriptBuildPhase;
			buildActionMask = 2147483647;
			files = (
			);
			inputPaths = (
			);
			outputPaths = (
			);
			runOnlyForDeploymentPostprocessing = 0;
			shellPath = /bin/sh;
			shellScript = "# Run the unit tests in this test bundle.\n\"${SYSTEM_DEVELOPER_DIR}/Tools/RunUnitTests\"\n";
		};
/* End PBXShellScriptBuildPhase section */

/* Begin PBXSourcesBuildPhase section */
		D10A619914A207B6004D174E /* Sources */ = {
			isa = PBXSourcesBuildPhase;
			buildActionMask = 2147483647;
			files = (
				D10A61AE14A207B6004D174E /* main.m in Sources */,
				D10A61B214A207B6004D174E /* IMAppDelegate.m in Sources */,
				D10A61B814A207B6004D174E /* IMViewController.m in Sources */,
				D163955E14A220D900FE98EC /* developersView.m in Sources */,
				D163956114A22A9400FE98EC /* mapView.m in Sources */,
				D10A954C14A29B01007953A5 /* tinaJohnsonView.m in Sources */,
				D10A954F14A29B1D007953A5 /* terryGriffinView.m in Sources */,
				D10A955214A29B5D007953A5 /* shawnSealsView.m in Sources */,
				D10A955514A29B77007953A5 /* chaseSawyerView.m in Sources */,
				D10A955814A29B89007953A5 /* ericBinnionView.m in Sources */,
				D1A3387714A2F2DD00423994 /* athleticEventsView.m in Sources */,
				D1A3387B14A2F36200423994 /* schoolSongView.m in Sources */,
			);
			runOnlyForDeploymentPostprocessing = 0;
		};
		D10A61B914A207B7004D174E /* Sources */ = {
			isa = PBXSourcesBuildPhase;
			buildActionMask = 2147483647;
			files = (
				D10A61CD14A207B7004D174E /* iMustangsTests.m in Sources */,
			);
			runOnlyForDeploymentPostprocessing = 0;
		};
/* End PBXSourcesBuildPhase section */

/* Begin PBXTargetDependency section */
		D10A61C414A207B7004D174E /* PBXTargetDependency */ = {
			isa = PBXTargetDependency;
			target = D10A619C14A207B6004D174E /* iMustangs */;
			targetProxy = D10A61C314A207B7004D174E /* PBXContainerItemProxy */;
		};
/* End PBXTargetDependency section */

/* Begin PBXVariantGroup section */
		D10A61AA14A207B6004D174E /* InfoPlist.strings */ = {
			isa = PBXVariantGroup;
			children = (
				D10A61AB14A207B6004D174E /* en */,
			);
			name = InfoPlist.strings;
			sourceTree = "<group>";
		};
		D10A61B314A207B6004D174E /* MainStoryboard.storyboard */ = {
			isa = PBXVariantGroup;
			children = (
				D10A61B414A207B6004D174E /* en */,
			);
			name = MainStoryboard.storyboard;
			sourceTree = "<group>";
		};
		D10A61C814A207B7004D174E /* InfoPlist.strings */ = {
			isa = PBXVariantGroup;
			children = (
				D10A61C914A207B7004D174E /* en */,
			);
			name = InfoPlist.strings;
			sourceTree = "<group>";
		};
/* End PBXVariantGroup section */

/* Begin XCBuildConfiguration section */
		D10A61CE14A207B7004D174E /* Debug */ = {
			isa = XCBuildConfiguration;
			buildSettings = {
				ALWAYS_SEARCH_USER_PATHS = NO;
				ARCHS = "$(ARCHS_STANDARD_32_BIT)";
				CLANG_ENABLE_OBJC_ARC = YES;
				"CODE_SIGN_IDENTITY[sdk=iphoneos*]" = "iPhone Developer";
				COPY_PHASE_STRIP = NO;
				GCC_C_LANGUAGE_STANDARD = gnu99;
				GCC_DYNAMIC_NO_PIC = NO;
				GCC_OPTIMIZATION_LEVEL = 0;
				GCC_PREPROCESSOR_DEFINITIONS = (
					"DEBUG=1",
					"$(inherited)",
				);
				GCC_SYMBOLS_PRIVATE_EXTERN = NO;
				GCC_VERSION = com.apple.compilers.llvm.clang.1_0;
				GCC_WARN_ABOUT_MISSING_PROTOTYPES = YES;
				GCC_WARN_ABOUT_RETURN_TYPE = YES;
				GCC_WARN_UNUSED_VARIABLE = YES;
				IPHONEOS_DEPLOYMENT_TARGET = 5.0;
				SDKROOT = iphoneos;
			};
			name = Debug;
		};
		D10A61CF14A207B7004D174E /* Release */ = {
			isa = XCBuildConfiguration;
			buildSettings = {
				ALWAYS_SEARCH_USER_PATHS = NO;
				ARCHS = "$(ARCHS_STANDARD_32_BIT)";
				CLANG_ENABLE_OBJC_ARC = YES;
				"CODE_SIGN_IDENTITY[sdk=iphoneos*]" = "iPhone Developer";
				COPY_PHASE_STRIP = YES;
				GCC_C_LANGUAGE_STANDARD = gnu99;
				GCC_VERSION = com.apple.compilers.llvm.clang.1_0;
				GCC_WARN_ABOUT_MISSING_PROTOTYPES = YES;
				GCC_WARN_ABOUT_RETURN_TYPE = YES;
				GCC_WARN_UNUSED_VARIABLE = YES;
				IPHONEOS_DEPLOYMENT_TARGET = 5.0;
				OTHER_CFLAGS = "-DNS_BLOCK_ASSERTIONS=1";
				SDKROOT = iphoneos;
				VALIDATE_PRODUCT = YES;
			};
			name = Release;
		};
		D10A61D114A207B7004D174E /* Debug */ = {
			isa = XCBuildConfiguration;
			buildSettings = {
				GCC_PRECOMPILE_PREFIX_HEADER = YES;
				GCC_PREFIX_HEADER = "iMustangs/iMustangs-Prefix.pch";
				INFOPLIST_FILE = "iMustangs/iMustangs-Info.plist";
				PRODUCT_NAME = "$(TARGET_NAME)";
				WRAPPER_EXTENSION = app;
			};
			name = Debug;
		};
		D10A61D214A207B7004D174E /* Release */ = {
			isa = XCBuildConfiguration;
			buildSettings = {
				GCC_PRECOMPILE_PREFIX_HEADER = YES;
				GCC_PREFIX_HEADER = "iMustangs/iMustangs-Prefix.pch";
				INFOPLIST_FILE = "iMustangs/iMustangs-Info.plist";
				PRODUCT_NAME = "$(TARGET_NAME)";
				WRAPPER_EXTENSION = app;
			};
			name = Release;
		};
		D10A61D414A207B7004D174E /* Debug */ = {
			isa = XCBuildConfiguration;
			buildSettings = {
				BUNDLE_LOADER = "$(BUILT_PRODUCTS_DIR)/iMustangs.app/iMustangs";
				FRAMEWORK_SEARCH_PATHS = (
					"$(SDKROOT)/Developer/Library/Frameworks",
					"$(DEVELOPER_LIBRARY_DIR)/Frameworks",
				);
				GCC_PRECOMPILE_PREFIX_HEADER = YES;
				GCC_PREFIX_HEADER = "iMustangs/iMustangs-Prefix.pch";
				INFOPLIST_FILE = "iMustangsTests/iMustangsTests-Info.plist";
				PRODUCT_NAME = "$(TARGET_NAME)";
				TEST_HOST = "$(BUNDLE_LOADER)";
				WRAPPER_EXTENSION = octest;
			};
			name = Debug;
		};
		D10A61D514A207B7004D174E /* Release */ = {
			isa = XCBuildConfiguration;
			buildSettings = {
				BUNDLE_LOADER = "$(BUILT_PRODUCTS_DIR)/iMustangs.app/iMustangs";
				FRAMEWORK_SEARCH_PATHS = (
					"$(SDKROOT)/Developer/Library/Frameworks",
					"$(DEVELOPER_LIBRARY_DIR)/Frameworks",
				);
				GCC_PRECOMPILE_PREFIX_HEADER = YES;
				GCC_PREFIX_HEADER = "iMustangs/iMustangs-Prefix.pch";
				INFOPLIST_FILE = "iMustangsTests/iMustangsTests-Info.plist";
				PRODUCT_NAME = "$(TARGET_NAME)";
				TEST_HOST = "$(BUNDLE_LOADER)";
				WRAPPER_EXTENSION = octest;
			};
			name = Release;
		};
/* End XCBuildConfiguration section */

/* Begin XCConfigurationList section */
		D10A619714A207B6004D174E /* Build configuration list for PBXProject "iMustangs" */ = {
			isa = XCConfigurationList;
			buildConfigurations = (
				D10A61CE14A207B7004D174E /* Debug */,
				D10A61CF14A207B7004D174E /* Release */,
			);
			defaultConfigurationIsVisible = 0;
			defaultConfigurationName = Release;
		};
		D10A61D014A207B7004D174E /* Build configuration list for PBXNativeTarget "iMustangs" */ = {
			isa = XCConfigurationList;
			buildConfigurations = (
				D10A61D114A207B7004D174E /* Debug */,
				D10A61D214A207B7004D174E /* Release */,
			);
			defaultConfigurationIsVisible = 0;
			defaultConfigurationName = Release;
		};
		D10A61D314A207B7004D174E /* Build configuration list for PBXNativeTarget "iMustangsTests" */ = {
			isa = XCConfigurationList;
			buildConfigurations = (
				D10A61D414A207B7004D174E /* Debug */,
				D10A61D514A207B7004D174E /* Release */,
			);
			defaultConfigurationIsVisible = 0;
			defaultConfigurationName = Release;
		};
/* End XCConfigurationList section */
	};
	rootObject = D10A619414A207B6004D174E /* Project object */;
}
